// !$*UTF8*$!
{
	archiveVersion = 1;
	classes = {
	};
	objectVersion = 51;
	objects = {

/* Begin PBXBuildFile section */
		0797A9942DF4CB41F17508A7 /* libPods-TinkoffChat.a in Frameworks */ = {isa = PBXBuildFile; fileRef = 333582F7039D97D2AAE17B97 /* libPods-TinkoffChat.a */; };
		EC03E9BC25491FE100D73B2B /* MessageDB + init.swift in Sources */ = {isa = PBXBuildFile; fileRef = EC03E9BB25491FE100D73B2B /* MessageDB + init.swift */; };
		EC14A87B25307BD1007AEB5F /* GCDProfileDataManager.swift in Sources */ = {isa = PBXBuildFile; fileRef = EC14A87A25307BD1007AEB5F /* GCDProfileDataManager.swift */; };
		EC14A88025309EFB007AEB5F /* DataManagerProtocol.swift in Sources */ = {isa = PBXBuildFile; fileRef = EC14A87F25309EFB007AEB5F /* DataManagerProtocol.swift */; };
		EC175EE12540468400B06B1F /* MessageInputView.swift in Sources */ = {isa = PBXBuildFile; fileRef = EC175EE02540468400B06B1F /* MessageInputView.swift */; };
		EC175EE425404B8E00B06B1F /* MessageInputView.xib in Resources */ = {isa = PBXBuildFile; fileRef = EC175EE325404B8E00B06B1F /* MessageInputView.xib */; };
		EC17F38325235EF000C6C2A7 /* ProfileNavigationBar.xib in Resources */ = {isa = PBXBuildFile; fileRef = EC17F38225235EF000C6C2A7 /* ProfileNavigationBar.xib */; };
		EC17F3862523601F00C6C2A7 /* ProfileNavigationBar.swift in Sources */ = {isa = PBXBuildFile; fileRef = EC17F3852523601F00C6C2A7 /* ProfileNavigationBar.swift */; };
		EC3B4951251F659E002A93A8 /* Conversations.storyboard in Resources */ = {isa = PBXBuildFile; fileRef = EC3B4950251F659E002A93A8 /* Conversations.storyboard */; };
		EC3B4954251F65C4002A93A8 /* ConversationsListViewController.swift in Sources */ = {isa = PBXBuildFile; fileRef = EC3B4953251F65C4002A93A8 /* ConversationsListViewController.swift */; };
		EC3B4958251F662E002A93A8 /* ConfigurableView.swift in Sources */ = {isa = PBXBuildFile; fileRef = EC3B4957251F662E002A93A8 /* ConfigurableView.swift */; };
		EC3B4968251F6940002A93A8 /* ConversationTableViewCell.swift in Sources */ = {isa = PBXBuildFile; fileRef = EC3B4966251F6940002A93A8 /* ConversationTableViewCell.swift */; };
		EC3B4969251F6940002A93A8 /* ConversationTableViewCell.xib in Resources */ = {isa = PBXBuildFile; fileRef = EC3B4967251F6940002A93A8 /* ConversationTableViewCell.xib */; };
		EC41AF7B255A48E200B783F4 /* PresentationAssembly.swift in Sources */ = {isa = PBXBuildFile; fileRef = EC41AF7A255A48E200B783F4 /* PresentationAssembly.swift */; };
		EC41AF7F255A4BDA00B783F4 /* ServicesAssembly.swift in Sources */ = {isa = PBXBuildFile; fileRef = EC41AF7E255A4BDA00B783F4 /* ServicesAssembly.swift */; };
		EC41AF87255A515100B783F4 /* CoreAssembly.swift in Sources */ = {isa = PBXBuildFile; fileRef = EC41AF86255A515100B783F4 /* CoreAssembly.swift */; };
		EC53DCAA252C9BF7000227E3 /* ThemesPickerDelegate.swift in Sources */ = {isa = PBXBuildFile; fileRef = EC53DCA9252C9BF7000227E3 /* ThemesPickerDelegate.swift */; };
		EC53DCAF252C9D09000227E3 /* ThemeOptionView.swift in Sources */ = {isa = PBXBuildFile; fileRef = ECD9CB7B25274043003FB027 /* ThemeOptionView.swift */; };
		EC5553EE25661F5D009F9DD4 /* LoadingViewController.swift in Sources */ = {isa = PBXBuildFile; fileRef = EC5553EC25661F5D009F9DD4 /* LoadingViewController.swift */; };
		EC5553EF25661F5D009F9DD4 /* LoadingViewController.xib in Resources */ = {isa = PBXBuildFile; fileRef = EC5553ED25661F5D009F9DD4 /* LoadingViewController.xib */; };
		EC650D6C256E18A200098E84 /* UIWindow+ emitEmblems.swift in Sources */ = {isa = PBXBuildFile; fileRef = EC650D6B256E18A200098E84 /* UIWindow+ emitEmblems.swift */; };
		EC650D6F256EB45600098E84 /* UIView + shakeAnimation.swift in Sources */ = {isa = PBXBuildFile; fileRef = EC650D6E256EB45600098E84 /* UIView + shakeAnimation.swift */; };
		EC6794632520295000DB8002 /* Conversation.storyboard in Resources */ = {isa = PBXBuildFile; fileRef = EC6794622520295000DB8002 /* Conversation.storyboard */; };
		EC6794662520298000DB8002 /* ConversationViewController.swift in Sources */ = {isa = PBXBuildFile; fileRef = EC6794652520298000DB8002 /* ConversationViewController.swift */; };
		EC67946B252029B600DB8002 /* MessageTableViewCell.swift in Sources */ = {isa = PBXBuildFile; fileRef = EC679469252029B600DB8002 /* MessageTableViewCell.swift */; };
		EC67946C252029B600DB8002 /* MessageTableViewCell.xib in Resources */ = {isa = PBXBuildFile; fileRef = EC67946A252029B600DB8002 /* MessageTableViewCell.xib */; };
		EC73CFC6253EF602001C5CB6 /* FirebaseError.swift in Sources */ = {isa = PBXBuildFile; fileRef = EC73CFC5253EF602001C5CB6 /* FirebaseError.swift */; };
		EC73CFCE253EFFEC001C5CB6 /* Alert.swift in Sources */ = {isa = PBXBuildFile; fileRef = EC73CFCD253EFFEC001C5CB6 /* Alert.swift */; };
		EC73E3052514AF57006D5ADF /* Profile.storyboard in Resources */ = {isa = PBXBuildFile; fileRef = EC73E3042514AF57006D5ADF /* Profile.storyboard */; };
		EC73E3082514AF6C006D5ADF /* ProfileViewController.swift in Sources */ = {isa = PBXBuildFile; fileRef = EC73E3072514AF6C006D5ADF /* ProfileViewController.swift */; };
		EC793CA32531605E005F6E08 /* FileManager.swift in Sources */ = {isa = PBXBuildFile; fileRef = EC793CA22531605E005F6E08 /* FileManager.swift */; };
		EC845894253C4F0B00EEBCA3 /* ChannelsService.swift in Sources */ = {isa = PBXBuildFile; fileRef = EC845893253C4F0B00EEBCA3 /* ChannelsService.swift */; };
		EC845899253C62C100EEBCA3 /* UserDataStore.swift in Sources */ = {isa = PBXBuildFile; fileRef = EC845898253C62C100EEBCA3 /* UserDataStore.swift */; };
		EC84589D253C717A00EEBCA3 /* MessageService.swift in Sources */ = {isa = PBXBuildFile; fileRef = EC84589C253C717A00EEBCA3 /* MessageService.swift */; };
		EC885EF0255B9ADA0078F656 /* RootAssembly.swift in Sources */ = {isa = PBXBuildFile; fileRef = EC885EEF255B9ADA0078F656 /* RootAssembly.swift */; };
		EC885F45255C4E9E0078F656 /* ChannelDB+CoreDataClass.swift in Sources */ = {isa = PBXBuildFile; fileRef = EC885F43255C4E9D0078F656 /* ChannelDB+CoreDataClass.swift */; };
		EC885F46255C4E9E0078F656 /* ChannelDB+CoreDataProperties.swift in Sources */ = {isa = PBXBuildFile; fileRef = EC885F44255C4E9D0078F656 /* ChannelDB+CoreDataProperties.swift */; };
		EC885F4C255C4EAC0078F656 /* MessageDB+CoreDataClass.swift in Sources */ = {isa = PBXBuildFile; fileRef = EC885F4A255C4EAC0078F656 /* MessageDB+CoreDataClass.swift */; };
		EC885F4D255C4EAC0078F656 /* MessageDB+CoreDataProperties.swift in Sources */ = {isa = PBXBuildFile; fileRef = EC885F4B255C4EAC0078F656 /* MessageDB+CoreDataProperties.swift */; };
		EC89FDC6250E07CF00B22EC4 /* README.md in Resources */ = {isa = PBXBuildFile; fileRef = EC89FDC5250E07CF00B22EC4 /* README.md */; };
		EC9C347D253306D100932552 /* OperationProfileDataManager.swift in Sources */ = {isa = PBXBuildFile; fileRef = EC9C347C253306D100932552 /* OperationProfileDataManager.swift */; };
		ECAB8611251F80D600BA7845 /* DateFormatter + dateOrNow.swift in Sources */ = {isa = PBXBuildFile; fileRef = ECAB8610251F80D600BA7845 /* DateFormatter + dateOrNow.swift */; };
		ECAB8616251F85E900BA7845 /* DateFormatter + init.swift in Sources */ = {isa = PBXBuildFile; fileRef = ECAB8615251F85E900BA7845 /* DateFormatter + init.swift */; };
		ECB798082564D57C008DFB61 /* ImageRequest.swift in Sources */ = {isa = PBXBuildFile; fileRef = ECB798072564D57C008DFB61 /* ImageRequest.swift */; };
		ECC12B5E25622AC000328158 /* ImagePickerViewController.swift in Sources */ = {isa = PBXBuildFile; fileRef = ECC12B5D25622AC000328158 /* ImagePickerViewController.swift */; };
		ECC12B6225622ACE00328158 /* ImagePicker.storyboard in Resources */ = {isa = PBXBuildFile; fileRef = ECC12B6125622ACE00328158 /* ImagePicker.storyboard */; };
		ECC12B6725622B6B00328158 /* AvatarItemCollectionViewCell.swift in Sources */ = {isa = PBXBuildFile; fileRef = ECC12B6525622B6B00328158 /* AvatarItemCollectionViewCell.swift */; };
		ECC12B6825622B6B00328158 /* AvatarItemCollectionViewCell.xib in Resources */ = {isa = PBXBuildFile; fileRef = ECC12B6625622B6B00328158 /* AvatarItemCollectionViewCell.xib */; };
		ECC26931250C6FEC001C08A0 /* AppDelegate.swift in Sources */ = {isa = PBXBuildFile; fileRef = ECC26930250C6FEC001C08A0 /* AppDelegate.swift */; };
		ECC2693A250C6FEE001C08A0 /* Assets.xcassets in Resources */ = {isa = PBXBuildFile; fileRef = ECC26939250C6FEE001C08A0 /* Assets.xcassets */; };
		ECC2693D250C6FEE001C08A0 /* LaunchScreen.storyboard in Resources */ = {isa = PBXBuildFile; fileRef = ECC2693B250C6FEE001C08A0 /* LaunchScreen.storyboard */; };
		ECC26946250C76BE001C08A0 /* UIApplication.State + description.swift in Sources */ = {isa = PBXBuildFile; fileRef = ECC26945250C76BE001C08A0 /* UIApplication.State + description.swift */; };
		ECC26949250C77D2001C08A0 /* Logger.swift in Sources */ = {isa = PBXBuildFile; fileRef = ECC26948250C77D2001C08A0 /* Logger.swift */; };
		ECCC90C625249979001C68F9 /* Date + RandomTime.swift in Sources */ = {isa = PBXBuildFile; fileRef = ECCC90C525249979001C68F9 /* Date + RandomTime.swift */; };
		ECD9CB7925273F56003FB027 /* ThemeSettings.storyboard in Resources */ = {isa = PBXBuildFile; fileRef = ECD9CB7825273F56003FB027 /* ThemeSettings.storyboard */; };
		ECD9CB7F2527453A003FB027 /* ThemesViewController.swift in Sources */ = {isa = PBXBuildFile; fileRef = ECD9CB7E2527453A003FB027 /* ThemesViewController.swift */; };
		ECD9CB822527566D003FB027 /* ThemeModel.swift in Sources */ = {isa = PBXBuildFile; fileRef = ECD9CB812527566D003FB027 /* ThemeModel.swift */; };
		ECDE779025637B7E000300D2 /* NetworkManager.swift in Sources */ = {isa = PBXBuildFile; fileRef = ECDE778F25637B7E000300D2 /* NetworkManager.swift */; };
		ECDE779425637C2A000300D2 /* ResponseParser.swift in Sources */ = {isa = PBXBuildFile; fileRef = ECDE779325637C2A000300D2 /* ResponseParser.swift */; };
		ECDE779725637E41000300D2 /* IRequest.swift in Sources */ = {isa = PBXBuildFile; fileRef = ECDE779625637E41000300D2 /* IRequest.swift */; };
		ECDE779A25638402000300D2 /* NetworkErrors.swift in Sources */ = {isa = PBXBuildFile; fileRef = ECDE779925638402000300D2 /* NetworkErrors.swift */; };
		ECDE779E256386CC000300D2 /* AvatarService.swift in Sources */ = {isa = PBXBuildFile; fileRef = ECDE779D256386CC000300D2 /* AvatarService.swift */; };
		ECDE77A62563880F000300D2 /* ImageListRequest.swift in Sources */ = {isa = PBXBuildFile; fileRef = ECDE77A52563880F000300D2 /* ImageListRequest.swift */; };
		ECDE77AA25638A32000300D2 /* PixabayImageInfo.swift in Sources */ = {isa = PBXBuildFile; fileRef = ECDE77A925638A32000300D2 /* PixabayImageInfo.swift */; };
		ECDE77AE25638EC5000300D2 /* PrivateStore.swift in Sources */ = {isa = PBXBuildFile; fileRef = ECDE77AD25638EC5000300D2 /* PrivateStore.swift */; };
		ECDF962D2547C5F200928A3F /* ChatModel.xcdatamodeld in Sources */ = {isa = PBXBuildFile; fileRef = ECDF962B2547C5F200928A3F /* ChatModel.xcdatamodeld */; };
		ECDF96392547CE3200928A3F /* CoreDataStack.swift in Sources */ = {isa = PBXBuildFile; fileRef = ECDF96382547CE3200928A3F /* CoreDataStack.swift */; };
		ECDF966B2547DE0C00928A3F /* ChannelDB + init.swift in Sources */ = {isa = PBXBuildFile; fileRef = ECDF966A2547DE0C00928A3F /* ChannelDB + init.swift */; };
		ECE22DE62537055B00A6AD76 /* UIAlert + changeColors.swift in Sources */ = {isa = PBXBuildFile; fileRef = ECE22DE52537055B00A6AD76 /* UIAlert + changeColors.swift */; };
		ECE22E0E2538B62C00A6AD76 /* GoogleService-Info.plist in Resources */ = {isa = PBXBuildFile; fileRef = ECE22E0D2538B62C00A6AD76 /* GoogleService-Info.plist */; };
		ECE295C22528AE2100F30BAA /* RootNavigationController.swift in Sources */ = {isa = PBXBuildFile; fileRef = ECE295C12528AE2100F30BAA /* RootNavigationController.swift */; };
		ECED1CA42518CFB20069EB71 /* ProfilePlaceholderImageRenderer.swift in Sources */ = {isa = PBXBuildFile; fileRef = ECF7B6A825177FA0006DDB81 /* ProfilePlaceholderImageRenderer.swift */; };
		ECED1CA92518E3EC0069EB71 /* Colors.swift in Sources */ = {isa = PBXBuildFile; fileRef = ECED1CA82518E3EC0069EB71 /* Colors.swift */; };
		ECED1CAD2518E5270069EB71 /* UIColor + hex.swift in Sources */ = {isa = PBXBuildFile; fileRef = ECED1CAC2518E5270069EB71 /* UIColor + hex.swift */; };
		ECF5BBC8252B485700B829B0 /* Themes.swift in Sources */ = {isa = PBXBuildFile; fileRef = ECD9CB8525276A8A003FB027 /* Themes.swift */; };
		ECF5BBCD252B5B8C00B829B0 /* ClassicTheme.swift in Sources */ = {isa = PBXBuildFile; fileRef = ECF5BBCC252B5B8C00B829B0 /* ClassicTheme.swift */; };
		ECF5BBD2252B5BBB00B829B0 /* DayTheme.swift in Sources */ = {isa = PBXBuildFile; fileRef = ECF5BBD1252B5BBB00B829B0 /* DayTheme.swift */; };
		ECF5BBD5252B5BCF00B829B0 /* NightTheme.swift in Sources */ = {isa = PBXBuildFile; fileRef = ECF5BBD4252B5BCF00B829B0 /* NightTheme.swift */; };
		ECF7B6A225177781006DDB81 /* ProfileModel.swift in Sources */ = {isa = PBXBuildFile; fileRef = ECF7B6A125177781006DDB81 /* ProfileModel.swift */; };
		ECF7B6A625177A4B006DDB81 /* Roboto-Medium.ttf in Resources */ = {isa = PBXBuildFile; fileRef = ECF7B6A525177A4B006DDB81 /* Roboto-Medium.ttf */; };
/* End PBXBuildFile section */

/* Begin PBXFileReference section */
		0CAC4ED939047A1509758ABD /* Pods-TinkoffChat.release.xcconfig */ = {isa = PBXFileReference; includeInIndex = 1; lastKnownFileType = text.xcconfig; name = "Pods-TinkoffChat.release.xcconfig"; path = "Target Support Files/Pods-TinkoffChat/Pods-TinkoffChat.release.xcconfig"; sourceTree = "<group>"; };
		0CE4FE4EC6794B49C7E49012 /* Pods-TinkoffChat.debug.xcconfig */ = {isa = PBXFileReference; includeInIndex = 1; lastKnownFileType = text.xcconfig; name = "Pods-TinkoffChat.debug.xcconfig"; path = "Target Support Files/Pods-TinkoffChat/Pods-TinkoffChat.debug.xcconfig"; sourceTree = "<group>"; };
		333582F7039D97D2AAE17B97 /* libPods-TinkoffChat.a */ = {isa = PBXFileReference; explicitFileType = archive.ar; includeInIndex = 0; path = "libPods-TinkoffChat.a"; sourceTree = BUILT_PRODUCTS_DIR; };
		EC03E9BB25491FE100D73B2B /* MessageDB + init.swift */ = {isa = PBXFileReference; lastKnownFileType = sourcecode.swift; path = "MessageDB + init.swift"; sourceTree = "<group>"; };
		EC14A87A25307BD1007AEB5F /* GCDProfileDataManager.swift */ = {isa = PBXFileReference; lastKnownFileType = sourcecode.swift; path = GCDProfileDataManager.swift; sourceTree = "<group>"; };
		EC14A87F25309EFB007AEB5F /* DataManagerProtocol.swift */ = {isa = PBXFileReference; lastKnownFileType = sourcecode.swift; path = DataManagerProtocol.swift; sourceTree = "<group>"; };
		EC175EE02540468400B06B1F /* MessageInputView.swift */ = {isa = PBXFileReference; lastKnownFileType = sourcecode.swift; path = MessageInputView.swift; sourceTree = "<group>"; };
		EC175EE325404B8E00B06B1F /* MessageInputView.xib */ = {isa = PBXFileReference; lastKnownFileType = file.xib; path = MessageInputView.xib; sourceTree = "<group>"; };
		EC17F38225235EF000C6C2A7 /* ProfileNavigationBar.xib */ = {isa = PBXFileReference; lastKnownFileType = file.xib; path = ProfileNavigationBar.xib; sourceTree = "<group>"; };
		EC17F3852523601F00C6C2A7 /* ProfileNavigationBar.swift */ = {isa = PBXFileReference; lastKnownFileType = sourcecode.swift; path = ProfileNavigationBar.swift; sourceTree = "<group>"; };
		EC3B4950251F659E002A93A8 /* Conversations.storyboard */ = {isa = PBXFileReference; lastKnownFileType = file.storyboard; path = Conversations.storyboard; sourceTree = "<group>"; };
		EC3B4953251F65C4002A93A8 /* ConversationsListViewController.swift */ = {isa = PBXFileReference; lastKnownFileType = sourcecode.swift; path = ConversationsListViewController.swift; sourceTree = "<group>"; };
		EC3B4957251F662E002A93A8 /* ConfigurableView.swift */ = {isa = PBXFileReference; lastKnownFileType = sourcecode.swift; path = ConfigurableView.swift; sourceTree = "<group>"; };
		EC3B4966251F6940002A93A8 /* ConversationTableViewCell.swift */ = {isa = PBXFileReference; lastKnownFileType = sourcecode.swift; path = ConversationTableViewCell.swift; sourceTree = "<group>"; };
		EC3B4967251F6940002A93A8 /* ConversationTableViewCell.xib */ = {isa = PBXFileReference; lastKnownFileType = file.xib; path = ConversationTableViewCell.xib; sourceTree = "<group>"; };
		EC41AF7A255A48E200B783F4 /* PresentationAssembly.swift */ = {isa = PBXFileReference; lastKnownFileType = sourcecode.swift; path = PresentationAssembly.swift; sourceTree = "<group>"; };
		EC41AF7E255A4BDA00B783F4 /* ServicesAssembly.swift */ = {isa = PBXFileReference; lastKnownFileType = sourcecode.swift; path = ServicesAssembly.swift; sourceTree = "<group>"; };
		EC41AF86255A515100B783F4 /* CoreAssembly.swift */ = {isa = PBXFileReference; lastKnownFileType = sourcecode.swift; path = CoreAssembly.swift; sourceTree = "<group>"; };
		EC53DCA9252C9BF7000227E3 /* ThemesPickerDelegate.swift */ = {isa = PBXFileReference; lastKnownFileType = sourcecode.swift; path = ThemesPickerDelegate.swift; sourceTree = "<group>"; };
		EC5553EC25661F5D009F9DD4 /* LoadingViewController.swift */ = {isa = PBXFileReference; lastKnownFileType = sourcecode.swift; path = LoadingViewController.swift; sourceTree = "<group>"; };
		EC5553ED25661F5D009F9DD4 /* LoadingViewController.xib */ = {isa = PBXFileReference; lastKnownFileType = file.xib; path = LoadingViewController.xib; sourceTree = "<group>"; };
		EC650D6B256E18A200098E84 /* UIWindow+ emitEmblems.swift */ = {isa = PBXFileReference; lastKnownFileType = sourcecode.swift; path = "UIWindow+ emitEmblems.swift"; sourceTree = "<group>"; };
		EC650D6E256EB45600098E84 /* UIView + shakeAnimation.swift */ = {isa = PBXFileReference; lastKnownFileType = sourcecode.swift; path = "UIView + shakeAnimation.swift"; sourceTree = "<group>"; };
		EC6794622520295000DB8002 /* Conversation.storyboard */ = {isa = PBXFileReference; lastKnownFileType = file.storyboard; path = Conversation.storyboard; sourceTree = "<group>"; };
		EC6794652520298000DB8002 /* ConversationViewController.swift */ = {isa = PBXFileReference; lastKnownFileType = sourcecode.swift; path = ConversationViewController.swift; sourceTree = "<group>"; };
		EC679469252029B600DB8002 /* MessageTableViewCell.swift */ = {isa = PBXFileReference; lastKnownFileType = sourcecode.swift; path = MessageTableViewCell.swift; sourceTree = "<group>"; };
		EC67946A252029B600DB8002 /* MessageTableViewCell.xib */ = {isa = PBXFileReference; lastKnownFileType = file.xib; path = MessageTableViewCell.xib; sourceTree = "<group>"; };
		EC73CFC5253EF602001C5CB6 /* FirebaseError.swift */ = {isa = PBXFileReference; lastKnownFileType = sourcecode.swift; path = FirebaseError.swift; sourceTree = "<group>"; };
		EC73CFCD253EFFEC001C5CB6 /* Alert.swift */ = {isa = PBXFileReference; lastKnownFileType = sourcecode.swift; path = Alert.swift; sourceTree = "<group>"; };
		EC73E3042514AF57006D5ADF /* Profile.storyboard */ = {isa = PBXFileReference; lastKnownFileType = file.storyboard; path = Profile.storyboard; sourceTree = "<group>"; };
		EC73E3072514AF6C006D5ADF /* ProfileViewController.swift */ = {isa = PBXFileReference; lastKnownFileType = sourcecode.swift; path = ProfileViewController.swift; sourceTree = "<group>"; };
		EC793CA22531605E005F6E08 /* FileManager.swift */ = {isa = PBXFileReference; lastKnownFileType = sourcecode.swift; path = FileManager.swift; sourceTree = "<group>"; };
		EC845893253C4F0B00EEBCA3 /* ChannelsService.swift */ = {isa = PBXFileReference; lastKnownFileType = sourcecode.swift; path = ChannelsService.swift; sourceTree = "<group>"; };
		EC845898253C62C100EEBCA3 /* UserDataStore.swift */ = {isa = PBXFileReference; lastKnownFileType = sourcecode.swift; path = UserDataStore.swift; sourceTree = "<group>"; };
		EC84589C253C717A00EEBCA3 /* MessageService.swift */ = {isa = PBXFileReference; lastKnownFileType = sourcecode.swift; path = MessageService.swift; sourceTree = "<group>"; };
		EC885EEF255B9ADA0078F656 /* RootAssembly.swift */ = {isa = PBXFileReference; lastKnownFileType = sourcecode.swift; path = RootAssembly.swift; sourceTree = "<group>"; };
		EC885F43255C4E9D0078F656 /* ChannelDB+CoreDataClass.swift */ = {isa = PBXFileReference; fileEncoding = 4; lastKnownFileType = sourcecode.swift; name = "ChannelDB+CoreDataClass.swift"; path = "TinkoffChat/Entities/Database/ChannelDB+CoreDataClass.swift"; sourceTree = SOURCE_ROOT; };
		EC885F44255C4E9D0078F656 /* ChannelDB+CoreDataProperties.swift */ = {isa = PBXFileReference; fileEncoding = 4; lastKnownFileType = sourcecode.swift; name = "ChannelDB+CoreDataProperties.swift"; path = "TinkoffChat/Entities/Database/ChannelDB+CoreDataProperties.swift"; sourceTree = SOURCE_ROOT; };
		EC885F4A255C4EAC0078F656 /* MessageDB+CoreDataClass.swift */ = {isa = PBXFileReference; fileEncoding = 4; lastKnownFileType = sourcecode.swift; name = "MessageDB+CoreDataClass.swift"; path = "TinkoffChat/Entities/Database/MessageDB+CoreDataClass.swift"; sourceTree = SOURCE_ROOT; };
		EC885F4B255C4EAC0078F656 /* MessageDB+CoreDataProperties.swift */ = {isa = PBXFileReference; fileEncoding = 4; lastKnownFileType = sourcecode.swift; name = "MessageDB+CoreDataProperties.swift"; path = "TinkoffChat/Entities/Database/MessageDB+CoreDataProperties.swift"; sourceTree = SOURCE_ROOT; };
		EC89FDC5250E07CF00B22EC4 /* README.md */ = {isa = PBXFileReference; fileEncoding = 4; lastKnownFileType = net.daringfireball.markdown; path = README.md; sourceTree = "<group>"; };
		EC9C347C253306D100932552 /* OperationProfileDataManager.swift */ = {isa = PBXFileReference; lastKnownFileType = sourcecode.swift; path = OperationProfileDataManager.swift; sourceTree = "<group>"; };
		ECAB8610251F80D600BA7845 /* DateFormatter + dateOrNow.swift */ = {isa = PBXFileReference; lastKnownFileType = sourcecode.swift; path = "DateFormatter + dateOrNow.swift"; sourceTree = "<group>"; };
		ECAB8615251F85E900BA7845 /* DateFormatter + init.swift */ = {isa = PBXFileReference; lastKnownFileType = sourcecode.swift; path = "DateFormatter + init.swift"; sourceTree = "<group>"; };
		ECB798072564D57C008DFB61 /* ImageRequest.swift */ = {isa = PBXFileReference; lastKnownFileType = sourcecode.swift; path = ImageRequest.swift; sourceTree = "<group>"; };
		ECC12B5D25622AC000328158 /* ImagePickerViewController.swift */ = {isa = PBXFileReference; lastKnownFileType = sourcecode.swift; path = ImagePickerViewController.swift; sourceTree = "<group>"; };
		ECC12B6125622ACE00328158 /* ImagePicker.storyboard */ = {isa = PBXFileReference; lastKnownFileType = file.storyboard; path = ImagePicker.storyboard; sourceTree = "<group>"; };
		ECC12B6525622B6B00328158 /* AvatarItemCollectionViewCell.swift */ = {isa = PBXFileReference; lastKnownFileType = sourcecode.swift; path = AvatarItemCollectionViewCell.swift; sourceTree = "<group>"; };
		ECC12B6625622B6B00328158 /* AvatarItemCollectionViewCell.xib */ = {isa = PBXFileReference; lastKnownFileType = file.xib; path = AvatarItemCollectionViewCell.xib; sourceTree = "<group>"; };
		ECC2692D250C6FEC001C08A0 /* TinkoffChat.app */ = {isa = PBXFileReference; explicitFileType = wrapper.application; includeInIndex = 0; path = TinkoffChat.app; sourceTree = BUILT_PRODUCTS_DIR; };
		ECC26930250C6FEC001C08A0 /* AppDelegate.swift */ = {isa = PBXFileReference; lastKnownFileType = sourcecode.swift; path = AppDelegate.swift; sourceTree = "<group>"; };
		ECC26939250C6FEE001C08A0 /* Assets.xcassets */ = {isa = PBXFileReference; lastKnownFileType = folder.assetcatalog; path = Assets.xcassets; sourceTree = "<group>"; };
		ECC2693C250C6FEE001C08A0 /* Base */ = {isa = PBXFileReference; lastKnownFileType = file.storyboard; name = Base; path = Base.lproj/LaunchScreen.storyboard; sourceTree = "<group>"; };
		ECC2693E250C6FEE001C08A0 /* Info.plist */ = {isa = PBXFileReference; lastKnownFileType = text.plist.xml; path = Info.plist; sourceTree = "<group>"; };
		ECC26945250C76BE001C08A0 /* UIApplication.State + description.swift */ = {isa = PBXFileReference; lastKnownFileType = sourcecode.swift; path = "UIApplication.State + description.swift"; sourceTree = "<group>"; };
		ECC26948250C77D2001C08A0 /* Logger.swift */ = {isa = PBXFileReference; lastKnownFileType = sourcecode.swift; path = Logger.swift; sourceTree = "<group>"; };
		ECCC90C525249979001C68F9 /* Date + RandomTime.swift */ = {isa = PBXFileReference; lastKnownFileType = sourcecode.swift; path = "Date + RandomTime.swift"; sourceTree = "<group>"; };
		ECD9CB7825273F56003FB027 /* ThemeSettings.storyboard */ = {isa = PBXFileReference; lastKnownFileType = file.storyboard; path = ThemeSettings.storyboard; sourceTree = "<group>"; };
		ECD9CB7B25274043003FB027 /* ThemeOptionView.swift */ = {isa = PBXFileReference; lastKnownFileType = sourcecode.swift; path = ThemeOptionView.swift; sourceTree = "<group>"; };
		ECD9CB7E2527453A003FB027 /* ThemesViewController.swift */ = {isa = PBXFileReference; lastKnownFileType = sourcecode.swift; path = ThemesViewController.swift; sourceTree = "<group>"; };
		ECD9CB812527566D003FB027 /* ThemeModel.swift */ = {isa = PBXFileReference; lastKnownFileType = sourcecode.swift; path = ThemeModel.swift; sourceTree = "<group>"; };
		ECD9CB8525276A8A003FB027 /* Themes.swift */ = {isa = PBXFileReference; lastKnownFileType = sourcecode.swift; path = Themes.swift; sourceTree = "<group>"; };
		ECDE778F25637B7E000300D2 /* NetworkManager.swift */ = {isa = PBXFileReference; lastKnownFileType = sourcecode.swift; path = NetworkManager.swift; sourceTree = "<group>"; };
		ECDE779325637C2A000300D2 /* ResponseParser.swift */ = {isa = PBXFileReference; lastKnownFileType = sourcecode.swift; path = ResponseParser.swift; sourceTree = "<group>"; };
		ECDE779625637E41000300D2 /* IRequest.swift */ = {isa = PBXFileReference; lastKnownFileType = sourcecode.swift; path = IRequest.swift; sourceTree = "<group>"; };
		ECDE779925638402000300D2 /* NetworkErrors.swift */ = {isa = PBXFileReference; lastKnownFileType = sourcecode.swift; path = NetworkErrors.swift; sourceTree = "<group>"; };
		ECDE779D256386CC000300D2 /* AvatarService.swift */ = {isa = PBXFileReference; lastKnownFileType = sourcecode.swift; path = AvatarService.swift; sourceTree = "<group>"; };
		ECDE77A52563880F000300D2 /* ImageListRequest.swift */ = {isa = PBXFileReference; lastKnownFileType = sourcecode.swift; path = ImageListRequest.swift; sourceTree = "<group>"; };
		ECDE77A925638A32000300D2 /* PixabayImageInfo.swift */ = {isa = PBXFileReference; lastKnownFileType = sourcecode.swift; path = PixabayImageInfo.swift; sourceTree = "<group>"; };
		ECDE77AD25638EC5000300D2 /* PrivateStore.swift */ = {isa = PBXFileReference; lastKnownFileType = sourcecode.swift; path = PrivateStore.swift; sourceTree = "<group>"; };
		ECDF962C2547C5F200928A3F /* Model.xcdatamodel */ = {isa = PBXFileReference; lastKnownFileType = wrapper.xcdatamodel; path = Model.xcdatamodel; sourceTree = "<group>"; };
		ECDF96382547CE3200928A3F /* CoreDataStack.swift */ = {isa = PBXFileReference; lastKnownFileType = sourcecode.swift; path = CoreDataStack.swift; sourceTree = "<group>"; };
		ECDF966A2547DE0C00928A3F /* ChannelDB + init.swift */ = {isa = PBXFileReference; lastKnownFileType = sourcecode.swift; path = "ChannelDB + init.swift"; sourceTree = "<group>"; };
		ECE22DE52537055B00A6AD76 /* UIAlert + changeColors.swift */ = {isa = PBXFileReference; lastKnownFileType = sourcecode.swift; path = "UIAlert + changeColors.swift"; sourceTree = "<group>"; };
		ECE22E0D2538B62C00A6AD76 /* GoogleService-Info.plist */ = {isa = PBXFileReference; fileEncoding = 4; lastKnownFileType = text.plist.xml; path = "GoogleService-Info.plist"; sourceTree = "<group>"; };
		ECE295C12528AE2100F30BAA /* RootNavigationController.swift */ = {isa = PBXFileReference; lastKnownFileType = sourcecode.swift; path = RootNavigationController.swift; sourceTree = "<group>"; };
		ECED1CA82518E3EC0069EB71 /* Colors.swift */ = {isa = PBXFileReference; lastKnownFileType = sourcecode.swift; path = Colors.swift; sourceTree = "<group>"; };
		ECED1CAC2518E5270069EB71 /* UIColor + hex.swift */ = {isa = PBXFileReference; lastKnownFileType = sourcecode.swift; path = "UIColor + hex.swift"; sourceTree = "<group>"; };
		ECF5BBCC252B5B8C00B829B0 /* ClassicTheme.swift */ = {isa = PBXFileReference; lastKnownFileType = sourcecode.swift; path = ClassicTheme.swift; sourceTree = "<group>"; };
		ECF5BBD1252B5BBB00B829B0 /* DayTheme.swift */ = {isa = PBXFileReference; lastKnownFileType = sourcecode.swift; path = DayTheme.swift; sourceTree = "<group>"; };
		ECF5BBD4252B5BCF00B829B0 /* NightTheme.swift */ = {isa = PBXFileReference; lastKnownFileType = sourcecode.swift; path = NightTheme.swift; sourceTree = "<group>"; };
		ECF7B6A125177781006DDB81 /* ProfileModel.swift */ = {isa = PBXFileReference; lastKnownFileType = sourcecode.swift; path = ProfileModel.swift; sourceTree = "<group>"; };
		ECF7B6A525177A4B006DDB81 /* Roboto-Medium.ttf */ = {isa = PBXFileReference; lastKnownFileType = file; path = "Roboto-Medium.ttf"; sourceTree = "<group>"; };
		ECF7B6A825177FA0006DDB81 /* ProfilePlaceholderImageRenderer.swift */ = {isa = PBXFileReference; lastKnownFileType = sourcecode.swift; path = ProfilePlaceholderImageRenderer.swift; sourceTree = "<group>"; };
/* End PBXFileReference section */

/* Begin PBXFrameworksBuildPhase section */
		ECC2692A250C6FEC001C08A0 /* Frameworks */ = {
			isa = PBXFrameworksBuildPhase;
			buildActionMask = 2147483647;
			files = (
				0797A9942DF4CB41F17508A7 /* libPods-TinkoffChat.a in Frameworks */,
			);
			runOnlyForDeploymentPostprocessing = 0;
		};
/* End PBXFrameworksBuildPhase section */

/* Begin PBXGroup section */
		73F41893652DB3AFAE4FA7D0 /* Pods */ = {
			isa = PBXGroup;
			children = (
				0CE4FE4EC6794B49C7E49012 /* Pods-TinkoffChat.debug.xcconfig */,
				0CAC4ED939047A1509758ABD /* Pods-TinkoffChat.release.xcconfig */,
			);
			path = Pods;
			sourceTree = "<group>";
		};
		C86AEB3B241ACAF3EB4D44C4 /* Frameworks */ = {
			isa = PBXGroup;
			children = (
				333582F7039D97D2AAE17B97 /* libPods-TinkoffChat.a */,
			);
			name = Frameworks;
			sourceTree = "<group>";
		};
		EC03E9BF2549212C00D73B2B /* Entities */ = {
			isa = PBXGroup;
			children = (
				EC885F43255C4E9D0078F656 /* ChannelDB+CoreDataClass.swift */,
				EC885F44255C4E9D0078F656 /* ChannelDB+CoreDataProperties.swift */,
				ECDF966A2547DE0C00928A3F /* ChannelDB + init.swift */,
				EC03E9BB25491FE100D73B2B /* MessageDB + init.swift */,
				EC885F4A255C4EAC0078F656 /* MessageDB+CoreDataClass.swift */,
				EC885F4B255C4EAC0078F656 /* MessageDB+CoreDataProperties.swift */,
			);
			path = Entities;
			sourceTree = "<group>";
		};
		EC17F38125235EAF00C6C2A7 /* Views */ = {
			isa = PBXGroup;
			children = (
				EC17F38225235EF000C6C2A7 /* ProfileNavigationBar.xib */,
				EC17F3852523601F00C6C2A7 /* ProfileNavigationBar.swift */,
			);
			path = Views;
			sourceTree = "<group>";
		};
		EC3B494F251F6587002A93A8 /* ConversationList */ = {
			isa = PBXGroup;
			children = (
				EC3B4965251F6924002A93A8 /* Views */,
				EC3B4953251F65C4002A93A8 /* ConversationsListViewController.swift */,
				EC3B4950251F659E002A93A8 /* Conversations.storyboard */,
			);
			path = ConversationList;
			sourceTree = "<group>";
		};
		EC3B4956251F6616002A93A8 /* Protocols */ = {
			isa = PBXGroup;
			children = (
				EC3B4957251F662E002A93A8 /* ConfigurableView.swift */,
			);
			path = Protocols;
			sourceTree = "<group>";
		};
		EC3B4965251F6924002A93A8 /* Views */ = {
			isa = PBXGroup;
			children = (
				EC3B4966251F6940002A93A8 /* ConversationTableViewCell.swift */,
				EC3B4967251F6940002A93A8 /* ConversationTableViewCell.xib */,
			);
			path = Views;
			sourceTree = "<group>";
		};
		EC41AF76255A488900B783F4 /* CoreLayer */ = {
			isa = PBXGroup;
			children = (
				EC41AF85255A513700B783F4 /* Assembly */,
				EC41AF8C255A5C5900B783F4 /* Profile */,
				EC885F4F255C4EC90078F656 /* CoreData */,
				ECDE778E25637B4E000300D2 /* Networking */,
				ECDE77AC25638EA4000300D2 /* StoreManager */,
			);
			path = CoreLayer;
			sourceTree = "<group>";
		};
		EC41AF77255A48A600B783F4 /* ServiceLayer */ = {
			isa = PBXGroup;
			children = (
				EC41AF7D255A4BB600B783F4 /* Assembly */,
				EC41AF81255A4CD800B783F4 /* Services */,
			);
			path = ServiceLayer;
			sourceTree = "<group>";
		};
		EC41AF78255A48B400B783F4 /* PresentationLayer */ = {
			isa = PBXGroup;
			children = (
				EC41AF79255A48CB00B783F4 /* Assembly */,
				EC73E3022514AF0F006D5ADF /* Modules */,
			);
			path = PresentationLayer;
			sourceTree = "<group>";
		};
		EC41AF79255A48CB00B783F4 /* Assembly */ = {
			isa = PBXGroup;
			children = (
				EC41AF7A255A48E200B783F4 /* PresentationAssembly.swift */,
			);
			path = Assembly;
			sourceTree = "<group>";
		};
		EC41AF7D255A4BB600B783F4 /* Assembly */ = {
			isa = PBXGroup;
			children = (
				EC41AF7E255A4BDA00B783F4 /* ServicesAssembly.swift */,
			);
			path = Assembly;
			sourceTree = "<group>";
		};
		EC41AF81255A4CD800B783F4 /* Services */ = {
			isa = PBXGroup;
			children = (
				ECDE779C256386BB000300D2 /* Avatar */,
				EC885EF6255BA1B30078F656 /* UserDataStore */,
				EC41AF8A255A5B3A00B783F4 /* Logger */,
				ECBFDDBE2553BD3900C508DA /* Firestore */,
			);
			path = Services;
			sourceTree = "<group>";
		};
		EC41AF85255A513700B783F4 /* Assembly */ = {
			isa = PBXGroup;
			children = (
				EC41AF86255A515100B783F4 /* CoreAssembly.swift */,
			);
			path = Assembly;
			sourceTree = "<group>";
		};
		EC41AF8A255A5B3A00B783F4 /* Logger */ = {
			isa = PBXGroup;
			children = (
				ECC26948250C77D2001C08A0 /* Logger.swift */,
			);
			path = Logger;
			sourceTree = "<group>";
		};
		EC41AF8C255A5C5900B783F4 /* Profile */ = {
			isa = PBXGroup;
			children = (
				ECF7B6A125177781006DDB81 /* ProfileModel.swift */,
				EC14A87F25309EFB007AEB5F /* DataManagerProtocol.swift */,
				EC14A87A25307BD1007AEB5F /* GCDProfileDataManager.swift */,
				EC9C347C253306D100932552 /* OperationProfileDataManager.swift */,
			);
			path = Profile;
			sourceTree = "<group>";
		};
		EC53DCAC252C9CBD000227E3 /* Views */ = {
			isa = PBXGroup;
			children = (
				ECD9CB7B25274043003FB027 /* ThemeOptionView.swift */,
			);
			path = Views;
			sourceTree = "<group>";
		};
		EC6794612520293000DB8002 /* Conversation */ = {
			isa = PBXGroup;
			children = (
				EC6794682520299B00DB8002 /* Views */,
				EC6794652520298000DB8002 /* ConversationViewController.swift */,
				EC6794622520295000DB8002 /* Conversation.storyboard */,
			);
			path = Conversation;
			sourceTree = "<group>";
		};
		EC6794682520299B00DB8002 /* Views */ = {
			isa = PBXGroup;
			children = (
				EC679469252029B600DB8002 /* MessageTableViewCell.swift */,
				EC67946A252029B600DB8002 /* MessageTableViewCell.xib */,
				EC175EE02540468400B06B1F /* MessageInputView.swift */,
				EC175EE325404B8E00B06B1F /* MessageInputView.xib */,
			);
			path = Views;
			sourceTree = "<group>";
		};
		EC73CFC8253EFEC1001C5CB6 /* Components */ = {
			isa = PBXGroup;
			children = (
				ECB7980D2564E318008DFB61 /* LoadingView */,
				EC73CFCD253EFFEC001C5CB6 /* Alert.swift */,
			);
			path = Components;
			sourceTree = "<group>";
		};
		EC73E3022514AF0F006D5ADF /* Modules */ = {
			isa = PBXGroup;
			children = (
				EC3B494F251F6587002A93A8 /* ConversationList */,
				EC6794612520293000DB8002 /* Conversation */,
				EC73E3032514AF1F006D5ADF /* Profile */,
				ECC12B5C25622A7000328158 /* ImagePicker */,
				ECD9CB7725273F3E003FB027 /* Settings */,
			);
			path = Modules;
			sourceTree = "<group>";
		};
		EC73E3032514AF1F006D5ADF /* Profile */ = {
			isa = PBXGroup;
			children = (
				EC17F38125235EAF00C6C2A7 /* Views */,
				ECCC90C82524A314001C68F9 /* Model */,
				EC73E3072514AF6C006D5ADF /* ProfileViewController.swift */,
				EC73E3042514AF57006D5ADF /* Profile.storyboard */,
			);
			path = Profile;
			sourceTree = "<group>";
		};
		EC885EF6255BA1B30078F656 /* UserDataStore */ = {
			isa = PBXGroup;
			children = (
				EC845898253C62C100EEBCA3 /* UserDataStore.swift */,
			);
			path = UserDataStore;
			sourceTree = "<group>";
		};
		EC885F41255C4E430078F656 /* Supporting Files */ = {
			isa = PBXGroup;
			children = (
				EC3B4956251F6616002A93A8 /* Protocols */,
				ECF7B6A425177A2B006DDB81 /* Fonts */,
				ECED1CA72518E3DE0069EB71 /* Style */,
				ECBFDDBF2553BD4C00C508DA /* CoreView */,
				EC73CFC8253EFEC1001C5CB6 /* Components */,
				ECC26947250C77C8001C08A0 /* Utils */,
				ECC26944250C768D001C08A0 /* Extensions */,
				ECC26939250C6FEE001C08A0 /* Assets.xcassets */,
				ECC2693B250C6FEE001C08A0 /* LaunchScreen.storyboard */,
			);
			path = "Supporting Files";
			sourceTree = "<group>";
		};
		EC885F4F255C4EC90078F656 /* CoreData */ = {
			isa = PBXGroup;
			children = (
				EC03E9BF2549212C00D73B2B /* Entities */,
				ECDF962B2547C5F200928A3F /* ChatModel.xcdatamodeld */,
				ECDF96382547CE3200928A3F /* CoreDataStack.swift */,
			);
			path = CoreData;
			sourceTree = "<group>";
		};
		ECB7980D2564E318008DFB61 /* LoadingView */ = {
			isa = PBXGroup;
			children = (
				EC5553EC25661F5D009F9DD4 /* LoadingViewController.swift */,
				EC5553ED25661F5D009F9DD4 /* LoadingViewController.xib */,
			);
			path = LoadingView;
			sourceTree = "<group>";
		};
		ECBFDDBE2553BD3900C508DA /* Firestore */ = {
			isa = PBXGroup;
			children = (
				EC73CFC5253EF602001C5CB6 /* FirebaseError.swift */,
				EC84589C253C717A00EEBCA3 /* MessageService.swift */,
				EC845893253C4F0B00EEBCA3 /* ChannelsService.swift */,
			);
			path = Firestore;
			sourceTree = "<group>";
		};
		ECBFDDBF2553BD4C00C508DA /* CoreView */ = {
			isa = PBXGroup;
			children = (
				ECE295C12528AE2100F30BAA /* RootNavigationController.swift */,
			);
			path = CoreView;
			sourceTree = "<group>";
		};
		ECC12B5C25622A7000328158 /* ImagePicker */ = {
			isa = PBXGroup;
			children = (
				ECC12B6425622B4000328158 /* Views */,
				ECC12B5D25622AC000328158 /* ImagePickerViewController.swift */,
				ECC12B6125622ACE00328158 /* ImagePicker.storyboard */,
			);
			path = ImagePicker;
			sourceTree = "<group>";
		};
		ECC12B6425622B4000328158 /* Views */ = {
			isa = PBXGroup;
			children = (
				ECC12B6525622B6B00328158 /* AvatarItemCollectionViewCell.swift */,
				ECC12B6625622B6B00328158 /* AvatarItemCollectionViewCell.xib */,
			);
			path = Views;
			sourceTree = "<group>";
		};
		ECC26924250C6FEC001C08A0 = {
			isa = PBXGroup;
			children = (
				EC89FDC5250E07CF00B22EC4 /* README.md */,
				ECC2692F250C6FEC001C08A0 /* TinkoffChat */,
				ECC2692E250C6FEC001C08A0 /* Products */,
				73F41893652DB3AFAE4FA7D0 /* Pods */,
				C86AEB3B241ACAF3EB4D44C4 /* Frameworks */,
			);
			sourceTree = "<group>";
		};
		ECC2692E250C6FEC001C08A0 /* Products */ = {
			isa = PBXGroup;
			children = (
				ECC2692D250C6FEC001C08A0 /* TinkoffChat.app */,
			);
			name = Products;
			sourceTree = "<group>";
		};
		ECC2692F250C6FEC001C08A0 /* TinkoffChat */ = {
			isa = PBXGroup;
			children = (
				EC41AF78255A48B400B783F4 /* PresentationLayer */,
				EC41AF77255A48A600B783F4 /* ServiceLayer */,
				EC41AF76255A488900B783F4 /* CoreLayer */,
				EC885F41255C4E430078F656 /* Supporting Files */,
				ECC26930250C6FEC001C08A0 /* AppDelegate.swift */,
				EC885EEF255B9ADA0078F656 /* RootAssembly.swift */,
				ECC2693E250C6FEE001C08A0 /* Info.plist */,
				ECE22E0D2538B62C00A6AD76 /* GoogleService-Info.plist */,
			);
			path = TinkoffChat;
			sourceTree = "<group>";
		};
		ECC26944250C768D001C08A0 /* Extensions */ = {
			isa = PBXGroup;
			children = (
				ECC26945250C76BE001C08A0 /* UIApplication.State + description.swift */,
				ECED1CAC2518E5270069EB71 /* UIColor + hex.swift */,
				ECAB8610251F80D600BA7845 /* DateFormatter + dateOrNow.swift */,
				ECAB8615251F85E900BA7845 /* DateFormatter + init.swift */,
				ECCC90C525249979001C68F9 /* Date + RandomTime.swift */,
				ECE22DE52537055B00A6AD76 /* UIAlert + changeColors.swift */,
				EC650D6B256E18A200098E84 /* UIWindow+ emitEmblems.swift */,
				EC650D6E256EB45600098E84 /* UIView + shakeAnimation.swift */,
			);
			path = Extensions;
			sourceTree = "<group>";
		};
		ECC26947250C77C8001C08A0 /* Utils */ = {
			isa = PBXGroup;
			children = (
				ECF7B6A825177FA0006DDB81 /* ProfilePlaceholderImageRenderer.swift */,
				EC793CA22531605E005F6E08 /* FileManager.swift */,
			);
			path = Utils;
			sourceTree = "<group>";
		};
		ECCC90C82524A314001C68F9 /* Model */ = {
			isa = PBXGroup;
			children = (
			);
			path = Model;
			sourceTree = "<group>";
		};
		ECD9CB7725273F3E003FB027 /* Settings */ = {
			isa = PBXGroup;
			children = (
				EC53DCAC252C9CBD000227E3 /* Views */,
				ECD9CB7E2527453A003FB027 /* ThemesViewController.swift */,
				EC53DCA9252C9BF7000227E3 /* ThemesPickerDelegate.swift */,
				ECD9CB7825273F56003FB027 /* ThemeSettings.storyboard */,
			);
			path = Settings;
			sourceTree = "<group>";
		};
		ECDE778E25637B4E000300D2 /* Networking */ = {
			isa = PBXGroup;
			children = (
				ECDE77A825638A15000300D2 /* Model */,
				ECDE77A3256387CE000300D2 /* Request */,
				ECDE77A2256387C4000300D2 /* Parser */,
				ECDE77A1256387B7000300D2 /* Manager */,
				ECDE779925638402000300D2 /* NetworkErrors.swift */,
			);
			path = Networking;
			sourceTree = "<group>";
		};
		ECDE779C256386BB000300D2 /* Avatar */ = {
			isa = PBXGroup;
			children = (
				ECDE779D256386CC000300D2 /* AvatarService.swift */,
			);
			path = Avatar;
			sourceTree = "<group>";
		};
		ECDE77A1256387B7000300D2 /* Manager */ = {
			isa = PBXGroup;
			children = (
				ECDE778F25637B7E000300D2 /* NetworkManager.swift */,
			);
			path = Manager;
			sourceTree = "<group>";
		};
		ECDE77A2256387C4000300D2 /* Parser */ = {
			isa = PBXGroup;
			children = (
				ECDE779325637C2A000300D2 /* ResponseParser.swift */,
			);
			path = Parser;
			sourceTree = "<group>";
		};
		ECDE77A3256387CE000300D2 /* Request */ = {
			isa = PBXGroup;
			children = (
				ECDE779625637E41000300D2 /* IRequest.swift */,
				ECDE77A52563880F000300D2 /* ImageListRequest.swift */,
				ECB798072564D57C008DFB61 /* ImageRequest.swift */,
			);
			path = Request;
			sourceTree = "<group>";
		};
		ECDE77A825638A15000300D2 /* Model */ = {
			isa = PBXGroup;
			children = (
				ECDE77A925638A32000300D2 /* PixabayImageInfo.swift */,
			);
			path = Model;
			sourceTree = "<group>";
		};
		ECDE77AC25638EA4000300D2 /* StoreManager */ = {
			isa = PBXGroup;
			children = (
				ECDE77AD25638EC5000300D2 /* PrivateStore.swift */,
			);
			path = StoreManager;
			sourceTree = "<group>";
		};
		ECED1CA72518E3DE0069EB71 /* Style */ = {
			isa = PBXGroup;
			children = (
				ECF5BBCB252B5B5700B829B0 /* SpecificThemes */,
				ECD9CB8525276A8A003FB027 /* Themes.swift */,
				ECD9CB812527566D003FB027 /* ThemeModel.swift */,
				ECED1CA82518E3EC0069EB71 /* Colors.swift */,
			);
			path = Style;
			sourceTree = "<group>";
		};
		ECF5BBCB252B5B5700B829B0 /* SpecificThemes */ = {
			isa = PBXGroup;
			children = (
				ECF5BBCC252B5B8C00B829B0 /* ClassicTheme.swift */,
				ECF5BBD1252B5BBB00B829B0 /* DayTheme.swift */,
				ECF5BBD4252B5BCF00B829B0 /* NightTheme.swift */,
			);
			path = SpecificThemes;
			sourceTree = "<group>";
		};
		ECF7B6A425177A2B006DDB81 /* Fonts */ = {
			isa = PBXGroup;
			children = (
				ECF7B6A525177A4B006DDB81 /* Roboto-Medium.ttf */,
			);
			path = Fonts;
			sourceTree = "<group>";
		};
/* End PBXGroup section */

/* Begin PBXNativeTarget section */
		ECC2692C250C6FEC001C08A0 /* TinkoffChat */ = {
			isa = PBXNativeTarget;
			buildConfigurationList = ECC26941250C6FEE001C08A0 /* Build configuration list for PBXNativeTarget "TinkoffChat" */;
			buildPhases = (
				4D22B523FBCEC1AC83541713 /* [CP] Check Pods Manifest.lock */,
				ECC26929250C6FEC001C08A0 /* Sources */,
				ECC2692A250C6FEC001C08A0 /* Frameworks */,
				ECC2692B250C6FEC001C08A0 /* Resources */,
				EC84586A253C45BF00EEBCA3 /* ShellScript */,
				87975107F83FC3CE10CB9865 /* [CP] Copy Pods Resources */,
			);
			buildRules = (
			);
			dependencies = (
			);
			name = TinkoffChat;
			productName = TinkoffChat;
			productReference = ECC2692D250C6FEC001C08A0 /* TinkoffChat.app */;
			productType = "com.apple.product-type.application";
		};
/* End PBXNativeTarget section */

/* Begin PBXProject section */
		ECC26925250C6FEC001C08A0 /* Project object */ = {
			isa = PBXProject;
			attributes = {
				LastSwiftUpdateCheck = 1170;
				LastUpgradeCheck = 1200;
				ORGANIZATIONNAME = Tinkoff;
				TargetAttributes = {
					ECC2692C250C6FEC001C08A0 = {
						CreatedOnToolsVersion = 11.7;
					};
				};
			};
			buildConfigurationList = ECC26928250C6FEC001C08A0 /* Build configuration list for PBXProject "TinkoffChat" */;
			compatibilityVersion = "Xcode 9.3";
			developmentRegion = en;
			hasScannedForEncodings = 0;
			knownRegions = (
				en,
				Base,
			);
			mainGroup = ECC26924250C6FEC001C08A0;
			productRefGroup = ECC2692E250C6FEC001C08A0 /* Products */;
			projectDirPath = "";
			projectRoot = "";
			targets = (
				ECC2692C250C6FEC001C08A0 /* TinkoffChat */,
			);
		};
/* End PBXProject section */

/* Begin PBXResourcesBuildPhase section */
		ECC2692B250C6FEC001C08A0 /* Resources */ = {
			isa = PBXResourcesBuildPhase;
			buildActionMask = 2147483647;
			files = (
				ECC2693D250C6FEE001C08A0 /* LaunchScreen.storyboard in Resources */,
				EC17F38325235EF000C6C2A7 /* ProfileNavigationBar.xib in Resources */,
				EC6794632520295000DB8002 /* Conversation.storyboard in Resources */,
				ECC2693A250C6FEE001C08A0 /* Assets.xcassets in Resources */,
				EC3B4969251F6940002A93A8 /* ConversationTableViewCell.xib in Resources */,
				ECE22E0E2538B62C00A6AD76 /* GoogleService-Info.plist in Resources */,
				EC67946C252029B600DB8002 /* MessageTableViewCell.xib in Resources */,
				EC5553EF25661F5D009F9DD4 /* LoadingViewController.xib in Resources */,
				ECF7B6A625177A4B006DDB81 /* Roboto-Medium.ttf in Resources */,
				EC73E3052514AF57006D5ADF /* Profile.storyboard in Resources */,
				EC175EE425404B8E00B06B1F /* MessageInputView.xib in Resources */,
				EC89FDC6250E07CF00B22EC4 /* README.md in Resources */,
				ECC12B6225622ACE00328158 /* ImagePicker.storyboard in Resources */,
				ECD9CB7925273F56003FB027 /* ThemeSettings.storyboard in Resources */,
				EC3B4951251F659E002A93A8 /* Conversations.storyboard in Resources */,
				ECC12B6825622B6B00328158 /* AvatarItemCollectionViewCell.xib in Resources */,
			);
			runOnlyForDeploymentPostprocessing = 0;
		};
/* End PBXResourcesBuildPhase section */

/* Begin PBXShellScriptBuildPhase section */
		4D22B523FBCEC1AC83541713 /* [CP] Check Pods Manifest.lock */ = {
			isa = PBXShellScriptBuildPhase;
			buildActionMask = 2147483647;
			files = (
			);
			inputFileListPaths = (
			);
			inputPaths = (
				"${PODS_PODFILE_DIR_PATH}/Podfile.lock",
				"${PODS_ROOT}/Manifest.lock",
			);
			name = "[CP] Check Pods Manifest.lock";
			outputFileListPaths = (
			);
			outputPaths = (
				"$(DERIVED_FILE_DIR)/Pods-TinkoffChat-checkManifestLockResult.txt",
			);
			runOnlyForDeploymentPostprocessing = 0;
			shellPath = /bin/sh;
			shellScript = "diff \"${PODS_PODFILE_DIR_PATH}/Podfile.lock\" \"${PODS_ROOT}/Manifest.lock\" > /dev/null\nif [ $? != 0 ] ; then\n    # print error to STDERR\n    echo \"error: The sandbox is not in sync with the Podfile.lock. Run 'pod install' or update your CocoaPods installation.\" >&2\n    exit 1\nfi\n# This output is used by Xcode 'outputs' to avoid re-running this script phase.\necho \"SUCCESS\" > \"${SCRIPT_OUTPUT_FILE_0}\"\n";
			showEnvVarsInLog = 0;
		};
		87975107F83FC3CE10CB9865 /* [CP] Copy Pods Resources */ = {
			isa = PBXShellScriptBuildPhase;
			buildActionMask = 2147483647;
			files = (
			);
			inputFileListPaths = (
				"${PODS_ROOT}/Target Support Files/Pods-TinkoffChat/Pods-TinkoffChat-resources-${CONFIGURATION}-input-files.xcfilelist",
			);
			name = "[CP] Copy Pods Resources";
			outputFileListPaths = (
				"${PODS_ROOT}/Target Support Files/Pods-TinkoffChat/Pods-TinkoffChat-resources-${CONFIGURATION}-output-files.xcfilelist",
			);
			runOnlyForDeploymentPostprocessing = 0;
			shellPath = /bin/sh;
			shellScript = "\"${PODS_ROOT}/Target Support Files/Pods-TinkoffChat/Pods-TinkoffChat-resources.sh\"\n";
			showEnvVarsInLog = 0;
		};
		EC84586A253C45BF00EEBCA3 /* ShellScript */ = {
			isa = PBXShellScriptBuildPhase;
			buildActionMask = 2147483647;
			files = (
			);
			inputFileListPaths = (
			);
			inputPaths = (
			);
			outputFileListPaths = (
			);
			outputPaths = (
			);
			runOnlyForDeploymentPostprocessing = 0;
			shellPath = /bin/sh;
			shellScript = "\"${PODS_ROOT}/SwiftLint/swiftlint\"\n";
		};
/* End PBXShellScriptBuildPhase section */

/* Begin PBXSourcesBuildPhase section */
		ECC26929250C6FEC001C08A0 /* Sources */ = {
			isa = PBXSourcesBuildPhase;
			buildActionMask = 2147483647;
			files = (
				EC845899253C62C100EEBCA3 /* UserDataStore.swift in Sources */,
				EC885EF0255B9ADA0078F656 /* RootAssembly.swift in Sources */,
				EC14A87B25307BD1007AEB5F /* GCDProfileDataManager.swift in Sources */,
				EC885F45255C4E9E0078F656 /* ChannelDB+CoreDataClass.swift in Sources */,
				ECCC90C625249979001C68F9 /* Date + RandomTime.swift in Sources */,
				ECED1CA42518CFB20069EB71 /* ProfilePlaceholderImageRenderer.swift in Sources */,
				EC73CFCE253EFFEC001C5CB6 /* Alert.swift in Sources */,
				EC41AF7F255A4BDA00B783F4 /* ServicesAssembly.swift in Sources */,
				EC41AF87255A515100B783F4 /* CoreAssembly.swift in Sources */,
				EC41AF7B255A48E200B783F4 /* PresentationAssembly.swift in Sources */,
				EC885F46255C4E9E0078F656 /* ChannelDB+CoreDataProperties.swift in Sources */,
				ECC12B5E25622AC000328158 /* ImagePickerViewController.swift in Sources */,
				ECC26946250C76BE001C08A0 /* UIApplication.State + description.swift in Sources */,
				EC885F4D255C4EAC0078F656 /* MessageDB+CoreDataProperties.swift in Sources */,
				ECDE779E256386CC000300D2 /* AvatarService.swift in Sources */,
				ECF5BBD5252B5BCF00B829B0 /* NightTheme.swift in Sources */,
				EC5553EE25661F5D009F9DD4 /* LoadingViewController.swift in Sources */,
				ECDF962D2547C5F200928A3F /* ChatModel.xcdatamodeld in Sources */,
				ECDE779025637B7E000300D2 /* NetworkManager.swift in Sources */,
				EC3B4954251F65C4002A93A8 /* ConversationsListViewController.swift in Sources */,
				EC73E3082514AF6C006D5ADF /* ProfileViewController.swift in Sources */,
				ECE22DE62537055B00A6AD76 /* UIAlert + changeColors.swift in Sources */,
				ECAB8616251F85E900BA7845 /* DateFormatter + init.swift in Sources */,
				EC03E9BC25491FE100D73B2B /* MessageDB + init.swift in Sources */,
				ECD9CB822527566D003FB027 /* ThemeModel.swift in Sources */,
				EC73CFC6253EF602001C5CB6 /* FirebaseError.swift in Sources */,
				ECAB8611251F80D600BA7845 /* DateFormatter + dateOrNow.swift in Sources */,
				ECED1CAD2518E5270069EB71 /* UIColor + hex.swift in Sources */,
				EC885F4C255C4EAC0078F656 /* MessageDB+CoreDataClass.swift in Sources */,
				EC650D6C256E18A200098E84 /* UIWindow+ emitEmblems.swift in Sources */,
				ECF5BBCD252B5B8C00B829B0 /* ClassicTheme.swift in Sources */,
				EC9C347D253306D100932552 /* OperationProfileDataManager.swift in Sources */,
				EC3B4958251F662E002A93A8 /* ConfigurableView.swift in Sources */,
				ECF5BBD2252B5BBB00B829B0 /* DayTheme.swift in Sources */,
				EC6794662520298000DB8002 /* ConversationViewController.swift in Sources */,
				EC793CA32531605E005F6E08 /* FileManager.swift in Sources */,
				EC67946B252029B600DB8002 /* MessageTableViewCell.swift in Sources */,
				ECED1CA92518E3EC0069EB71 /* Colors.swift in Sources */,
				EC53DCAF252C9D09000227E3 /* ThemeOptionView.swift in Sources */,
				ECDF96392547CE3200928A3F /* CoreDataStack.swift in Sources */,
				ECF7B6A225177781006DDB81 /* ProfileModel.swift in Sources */,
				EC3B4968251F6940002A93A8 /* ConversationTableViewCell.swift in Sources */,
				EC175EE12540468400B06B1F /* MessageInputView.swift in Sources */,
				ECE295C22528AE2100F30BAA /* RootNavigationController.swift in Sources */,
				ECF5BBC8252B485700B829B0 /* Themes.swift in Sources */,
				ECDE779425637C2A000300D2 /* ResponseParser.swift in Sources */,
				EC650D6F256EB45600098E84 /* UIView + shakeAnimation.swift in Sources */,
				ECDE77AA25638A32000300D2 /* PixabayImageInfo.swift in Sources */,
				EC53DCAA252C9BF7000227E3 /* ThemesPickerDelegate.swift in Sources */,
				EC845894253C4F0B00EEBCA3 /* ChannelsService.swift in Sources */,
				ECDE779725637E41000300D2 /* IRequest.swift in Sources */,
				ECDE77AE25638EC5000300D2 /* PrivateStore.swift in Sources */,
				ECB798082564D57C008DFB61 /* ImageRequest.swift in Sources */,
				EC84589D253C717A00EEBCA3 /* MessageService.swift in Sources */,
				ECC26949250C77D2001C08A0 /* Logger.swift in Sources */,
				ECDE77A62563880F000300D2 /* ImageListRequest.swift in Sources */,
				ECDF966B2547DE0C00928A3F /* ChannelDB + init.swift in Sources */,
				EC14A88025309EFB007AEB5F /* DataManagerProtocol.swift in Sources */,
				ECC26931250C6FEC001C08A0 /* AppDelegate.swift in Sources */,
				ECD9CB7F2527453A003FB027 /* ThemesViewController.swift in Sources */,
				ECDE779A25638402000300D2 /* NetworkErrors.swift in Sources */,
				ECC12B6725622B6B00328158 /* AvatarItemCollectionViewCell.swift in Sources */,
				EC17F3862523601F00C6C2A7 /* ProfileNavigationBar.swift in Sources */,
			);
			runOnlyForDeploymentPostprocessing = 0;
		};
/* End PBXSourcesBuildPhase section */

/* Begin PBXVariantGroup section */
		ECC2693B250C6FEE001C08A0 /* LaunchScreen.storyboard */ = {
			isa = PBXVariantGroup;
			children = (
				ECC2693C250C6FEE001C08A0 /* Base */,
			);
			name = LaunchScreen.storyboard;
			sourceTree = "<group>";
		};
/* End PBXVariantGroup section */

/* Begin XCBuildConfiguration section */
		ECC2693F250C6FEE001C08A0 /* Debug */ = {
			isa = XCBuildConfiguration;
			buildSettings = {
				ALWAYS_SEARCH_USER_PATHS = NO;
				CLANG_ANALYZER_NONNULL = YES;
				CLANG_ANALYZER_NUMBER_OBJECT_CONVERSION = YES_AGGRESSIVE;
				CLANG_CXX_LANGUAGE_STANDARD = "gnu++14";
				CLANG_CXX_LIBRARY = "libc++";
				CLANG_ENABLE_MODULES = YES;
				CLANG_ENABLE_OBJC_ARC = YES;
				CLANG_ENABLE_OBJC_WEAK = YES;
				CLANG_WARN_BLOCK_CAPTURE_AUTORELEASING = YES;
				CLANG_WARN_BOOL_CONVERSION = YES;
				CLANG_WARN_COMMA = YES;
				CLANG_WARN_CONSTANT_CONVERSION = YES;
				CLANG_WARN_DEPRECATED_OBJC_IMPLEMENTATIONS = YES;
				CLANG_WARN_DIRECT_OBJC_ISA_USAGE = YES_ERROR;
				CLANG_WARN_DOCUMENTATION_COMMENTS = YES;
				CLANG_WARN_EMPTY_BODY = YES;
				CLANG_WARN_ENUM_CONVERSION = YES;
				CLANG_WARN_INFINITE_RECURSION = YES;
				CLANG_WARN_INT_CONVERSION = YES;
				CLANG_WARN_NON_LITERAL_NULL_CONVERSION = YES;
				CLANG_WARN_OBJC_IMPLICIT_RETAIN_SELF = YES;
				CLANG_WARN_OBJC_LITERAL_CONVERSION = YES;
				CLANG_WARN_OBJC_ROOT_CLASS = YES_ERROR;
				CLANG_WARN_QUOTED_INCLUDE_IN_FRAMEWORK_HEADER = YES;
				CLANG_WARN_RANGE_LOOP_ANALYSIS = YES;
				CLANG_WARN_STRICT_PROTOTYPES = YES;
				CLANG_WARN_SUSPICIOUS_MOVE = YES;
				CLANG_WARN_UNGUARDED_AVAILABILITY = YES_AGGRESSIVE;
				CLANG_WARN_UNREACHABLE_CODE = YES;
				CLANG_WARN__DUPLICATE_METHOD_MATCH = YES;
				COPY_PHASE_STRIP = NO;
				DEBUG_INFORMATION_FORMAT = dwarf;
				ENABLE_STRICT_OBJC_MSGSEND = YES;
				ENABLE_TESTABILITY = YES;
				GCC_C_LANGUAGE_STANDARD = gnu11;
				GCC_DYNAMIC_NO_PIC = NO;
				GCC_NO_COMMON_BLOCKS = YES;
				GCC_OPTIMIZATION_LEVEL = 0;
				GCC_PREPROCESSOR_DEFINITIONS = (
					"DEBUG=1",
					"$(inherited)",
				);
				GCC_WARN_64_TO_32_BIT_CONVERSION = YES;
				GCC_WARN_ABOUT_RETURN_TYPE = YES_ERROR;
				GCC_WARN_UNDECLARED_SELECTOR = YES;
				GCC_WARN_UNINITIALIZED_AUTOS = YES_AGGRESSIVE;
				GCC_WARN_UNUSED_FUNCTION = YES;
				GCC_WARN_UNUSED_VARIABLE = YES;
				IPHONEOS_DEPLOYMENT_TARGET = 12.0;
				MTL_ENABLE_DEBUG_INFO = INCLUDE_SOURCE;
				MTL_FAST_MATH = YES;
				ONLY_ACTIVE_ARCH = YES;
				SDKROOT = iphoneos;
				SWIFT_ACTIVE_COMPILATION_CONDITIONS = DEBUG;
				SWIFT_OPTIMIZATION_LEVEL = "-Onone";
			};
			name = Debug;
		};
		ECC26940250C6FEE001C08A0 /* Release */ = {
			isa = XCBuildConfiguration;
			buildSettings = {
				ALWAYS_SEARCH_USER_PATHS = NO;
				CLANG_ANALYZER_NONNULL = YES;
				CLANG_ANALYZER_NUMBER_OBJECT_CONVERSION = YES_AGGRESSIVE;
				CLANG_CXX_LANGUAGE_STANDARD = "gnu++14";
				CLANG_CXX_LIBRARY = "libc++";
				CLANG_ENABLE_MODULES = YES;
				CLANG_ENABLE_OBJC_ARC = YES;
				CLANG_ENABLE_OBJC_WEAK = YES;
				CLANG_WARN_BLOCK_CAPTURE_AUTORELEASING = YES;
				CLANG_WARN_BOOL_CONVERSION = YES;
				CLANG_WARN_COMMA = YES;
				CLANG_WARN_CONSTANT_CONVERSION = YES;
				CLANG_WARN_DEPRECATED_OBJC_IMPLEMENTATIONS = YES;
				CLANG_WARN_DIRECT_OBJC_ISA_USAGE = YES_ERROR;
				CLANG_WARN_DOCUMENTATION_COMMENTS = YES;
				CLANG_WARN_EMPTY_BODY = YES;
				CLANG_WARN_ENUM_CONVERSION = YES;
				CLANG_WARN_INFINITE_RECURSION = YES;
				CLANG_WARN_INT_CONVERSION = YES;
				CLANG_WARN_NON_LITERAL_NULL_CONVERSION = YES;
				CLANG_WARN_OBJC_IMPLICIT_RETAIN_SELF = YES;
				CLANG_WARN_OBJC_LITERAL_CONVERSION = YES;
				CLANG_WARN_OBJC_ROOT_CLASS = YES_ERROR;
				CLANG_WARN_QUOTED_INCLUDE_IN_FRAMEWORK_HEADER = YES;
				CLANG_WARN_RANGE_LOOP_ANALYSIS = YES;
				CLANG_WARN_STRICT_PROTOTYPES = YES;
				CLANG_WARN_SUSPICIOUS_MOVE = YES;
				CLANG_WARN_UNGUARDED_AVAILABILITY = YES_AGGRESSIVE;
				CLANG_WARN_UNREACHABLE_CODE = YES;
				CLANG_WARN__DUPLICATE_METHOD_MATCH = YES;
				COPY_PHASE_STRIP = NO;
				DEBUG_INFORMATION_FORMAT = "dwarf-with-dsym";
				ENABLE_NS_ASSERTIONS = NO;
				ENABLE_STRICT_OBJC_MSGSEND = YES;
				GCC_C_LANGUAGE_STANDARD = gnu11;
				GCC_NO_COMMON_BLOCKS = YES;
				GCC_WARN_64_TO_32_BIT_CONVERSION = YES;
				GCC_WARN_ABOUT_RETURN_TYPE = YES_ERROR;
				GCC_WARN_UNDECLARED_SELECTOR = YES;
				GCC_WARN_UNINITIALIZED_AUTOS = YES_AGGRESSIVE;
				GCC_WARN_UNUSED_FUNCTION = YES;
				GCC_WARN_UNUSED_VARIABLE = YES;
				IPHONEOS_DEPLOYMENT_TARGET = 12.0;
				MTL_ENABLE_DEBUG_INFO = NO;
				MTL_FAST_MATH = YES;
				SDKROOT = iphoneos;
				SWIFT_COMPILATION_MODE = wholemodule;
				SWIFT_OPTIMIZATION_LEVEL = "-O";
				VALIDATE_PRODUCT = YES;
			};
			name = Release;
		};
		ECC26942250C6FEE001C08A0 /* Debug */ = {
			isa = XCBuildConfiguration;
			baseConfigurationReference = 0CE4FE4EC6794B49C7E49012 /* Pods-TinkoffChat.debug.xcconfig */;
			buildSettings = {
				ASSETCATALOG_COMPILER_APPICON_NAME = AppIcon;
				CODE_SIGN_STYLE = Automatic;
				DEVELOPMENT_TEAM = VJTA597XSC;
				INFOPLIST_FILE = TinkoffChat/Info.plist;
				IPHONEOS_DEPLOYMENT_TARGET = 12.0;
				LD_RUNPATH_SEARCH_PATHS = (
					"$(inherited)",
					"@executable_path/Frameworks",
				);
				PRODUCT_BUNDLE_IDENTIFIER = ru.tinkoff.TinkoffChat;
				PRODUCT_NAME = "$(TARGET_NAME)";
				SWIFT_VERSION = 5.0;
				TARGETED_DEVICE_FAMILY = 1;
			};
			name = Debug;
		};
		ECC26943250C6FEE001C08A0 /* Release */ = {
			isa = XCBuildConfiguration;
			baseConfigurationReference = 0CAC4ED939047A1509758ABD /* Pods-TinkoffChat.release.xcconfig */;
			buildSettings = {
				ASSETCATALOG_COMPILER_APPICON_NAME = AppIcon;
				CODE_SIGN_STYLE = Automatic;
				DEVELOPMENT_TEAM = VJTA597XSC;
				INFOPLIST_FILE = TinkoffChat/Info.plist;
				IPHONEOS_DEPLOYMENT_TARGET = 12.0;
				LD_RUNPATH_SEARCH_PATHS = (
					"$(inherited)",
					"@executable_path/Frameworks",
				);
				PRODUCT_BUNDLE_IDENTIFIER = ru.tinkoff.TinkoffChat;
				PRODUCT_NAME = "$(TARGET_NAME)";
				SWIFT_VERSION = 5.0;
				TARGETED_DEVICE_FAMILY = 1;
			};
			name = Release;
		};
/* End XCBuildConfiguration section */

/* Begin XCConfigurationList section */
		ECC26928250C6FEC001C08A0 /* Build configuration list for PBXProject "TinkoffChat" */ = {
			isa = XCConfigurationList;
			buildConfigurations = (
				ECC2693F250C6FEE001C08A0 /* Debug */,
				ECC26940250C6FEE001C08A0 /* Release */,
			);
			defaultConfigurationIsVisible = 0;
			defaultConfigurationName = Release;
		};
		ECC26941250C6FEE001C08A0 /* Build configuration list for PBXNativeTarget "TinkoffChat" */ = {
			isa = XCConfigurationList;
			buildConfigurations = (
				ECC26942250C6FEE001C08A0 /* Debug */,
				ECC26943250C6FEE001C08A0 /* Release */,
			);
			defaultConfigurationIsVisible = 0;
			defaultConfigurationName = Release;
		};
/* End XCConfigurationList section */

/* Begin XCVersionGroup section */
		ECDF962B2547C5F200928A3F /* ChatModel.xcdatamodeld */ = {
			isa = XCVersionGroup;
			children = (
				ECDF962C2547C5F200928A3F /* Model.xcdatamodel */,
			);
			currentVersion = ECDF962C2547C5F200928A3F /* Model.xcdatamodel */;
			path = ChatModel.xcdatamodeld;
			sourceTree = "<group>";
			versionGroupType = wrapper.xcdatamodel;
		};
/* End XCVersionGroup section */
	};
	rootObject = ECC26925250C6FEC001C08A0 /* Project object */;
}
